// !$*UTF8*$!
{
	archiveVersion = 1;
	classes = {
	};
	objectVersion = 46;
	objects = {

/* Begin PBXBuildFile section */
		23CFB2BE1892A63E00C8D5DF /* main.cpp in Sources */ = {isa = PBXBuildFile; fileRef = 23CFB2BD1892A63E00C8D5DF /* main.cpp */; };
/* End PBXBuildFile section */

/* Begin PBXFileReference section */
		23206B921892A55E00FD142D /* Smoothed Particle Hydrodynamics in Zero Gravity */ = {isa = PBXFileReference; explicitFileType = "compiled.mach-o.executable"; includeInIndex = 0; path = "Smoothed Particle Hydrodynamics in Zero Gravity"; sourceTree = BUILT_PRODUCTS_DIR; };
		239849E61892A5E100EB2E65 /* cute_image.jpg */ = {isa = PBXFileReference; lastKnownFileType = image.jpeg; path = cute_image.jpg; sourceTree = "<group>"; };
		239849E91892A5E100EB2E65 /* sansation.ttf */ = {isa = PBXFileReference; lastKnownFileType = file; path = sansation.ttf; sourceTree = "<group>"; };
		23CFB2BD1892A63E00C8D5DF /* main.cpp */ = {isa = PBXFileReference; fileEncoding = 4; lastKnownFileType = sourcecode.cpp.cpp; path = main.cpp; sourceTree = SOURCE_ROOT; };
/* End PBXFileReference section */

/* Begin PBXFrameworksBuildPhase section */
		23206B901892A55E00FD142D /* Frameworks */ = {
			isa = PBXFrameworksBuildPhase;
			buildActionMask = 2147483647;
			files = (
			);
			runOnlyForDeploymentPostprocessing = 0;
		};
/* End PBXFrameworksBuildPhase section */

/* Begin PBXGroup section */
		23206B8A1892A55E00FD142D = {
			isa = PBXGroup;
			children = (
				23206B941892A55E00FD142D /* Smoothed Particle Hydrodynamics in Zero Gravity */,
				23206B931892A55E00FD142D /* Products */,
			);
			sourceTree = "<group>";
		};
		23206B931892A55E00FD142D /* Products */ = {
			isa = PBXGroup;
			children = (
				23206B921892A55E00FD142D /* Smoothed Particle Hydrodynamics in Zero Gravity */,
			);
			name = Products;
			sourceTree = "<group>";
		};
		23206B941892A55E00FD142D /* Smoothed Particle Hydrodynamics in Zero Gravity */ = {
			isa = PBXGroup;
			children = (
				23CFB2BD1892A63E00C8D5DF /* main.cpp */,
				239849E51892A5E100EB2E65 /* Include */,
			);
			path = "Smoothed Particle Hydrodynamics in Zero Gravity";
			sourceTree = "<group>";
		};
		239849E51892A5E100EB2E65 /* Include */ = {
			isa = PBXGroup;
			children = (
				239849E61892A5E100EB2E65 /* cute_image.jpg */,
				239849E91892A5E100EB2E65 /* sansation.ttf */,
			);
			path = Include;
			sourceTree = SOURCE_ROOT;
		};
/* End PBXGroup section */

/* Begin PBXNativeTarget section */
		23206B911892A55E00FD142D /* Smoothed Particle Hydrodynamics in Zero Gravity */ = {
			isa = PBXNativeTarget;
			buildConfigurationList = 23206B9E1892A55E00FD142D /* Build configuration list for PBXNativeTarget "Smoothed Particle Hydrodynamics in Zero Gravity" */;
			buildPhases = (
				23206B8F1892A55E00FD142D /* Sources */,
				23206B901892A55E00FD142D /* Frameworks */,
			);
			buildRules = (
			);
			dependencies = (
			);
			name = "Smoothed Particle Hydrodynamics in Zero Gravity";
			productName = "Smoothed Particle Hydrodynamics in Zero Gravity";
			productReference = 23206B921892A55E00FD142D /* Smoothed Particle Hydrodynamics in Zero Gravity */;
			productType = "com.apple.product-type.tool";
		};
/* End PBXNativeTarget section */

/* Begin PBXProject section */
		23206B8B1892A55E00FD142D /* Project object */ = {
			isa = PBXProject;
			attributes = {
				LastUpgradeCheck = 0500;
				ORGANIZATIONNAME = "Group 7";
			};
			buildConfigurationList = 23206B8E1892A55E00FD142D /* Build configuration list for PBXProject "Smoothed Particle Hydrodynamics in Zero Gravity" */;
			compatibilityVersion = "Xcode 3.2";
			developmentRegion = English;
			hasScannedForEncodings = 0;
			knownRegions = (
				en,
			);
			mainGroup = 23206B8A1892A55E00FD142D;
			productRefGroup = 23206B931892A55E00FD142D /* Products */;
			projectDirPath = "";
			projectRoot = "";
			targets = (
				23206B911892A55E00FD142D /* Smoothed Particle Hydrodynamics in Zero Gravity */,
			);
		};
/* End PBXProject section */

/* Begin PBXSourcesBuildPhase section */
		23206B8F1892A55E00FD142D /* Sources */ = {
			isa = PBXSourcesBuildPhase;
			buildActionMask = 2147483647;
			files = (
				23CFB2BE1892A63E00C8D5DF /* main.cpp in Sources */,
			);
			runOnlyForDeploymentPostprocessing = 0;
		};
/* End PBXSourcesBuildPhase section */

/* Begin XCBuildConfiguration section */
		23206B9C1892A55E00FD142D /* Debug */ = {
			isa = XCBuildConfiguration;
			buildSettings = {
				ARCHS = "$(ARCHS_STANDARD_32_64_BIT)";
				CLANG_CXX_LANGUAGE_STANDARD = "c++0x";
				CLANG_CXX_LIBRARY = "libc++";
				CLANG_WARN_EMPTY_BODY = YES;
				CLANG_WARN__DUPLICATE_METHOD_MATCH = YES;
				FRAMEWORK_SEARCH_PATHS = (
					/Library/Frameworks/,
					"$(inherited)",
				);
				GCC_OPTIMIZATION_LEVEL = 0;
				GCC_PREPROCESSOR_DEFINITIONS = (
					"DEBUG=1",
					"$(inherited)",
				);
				GCC_VERSION = com.apple.compilers.llvm.clang.1_0;
				GCC_WARN_ABOUT_RETURN_TYPE = YES;
				GCC_WARN_UNINITIALIZED_AUTOS = YES;
				GCC_WARN_UNUSED_VARIABLE = YES;
				HEADER_SEARCH_PATHS = (
					/usr/local/include/,
					"$(inherited)",
				);
				LIBRARY_SEARCH_PATHS = (
					/usr/local/lib/,
					"$(inherited)",
				);
				ONLY_ACTIVE_ARCH = NO;
				OTHER_LDFLAGS = (
					"$(inherited)",
					"$(SFML_SYSTEM)",
					"$(SFML_WINDOW)",
					"$(SFML_GRAPHICS)",
					"$(SFML_AUDIO)",
					"$(SFML_NETWORK)",
				);
				SFML_AUDIO = "$(SFML_LINK_PREFIX) sfml-audio$(SFML_LINK_SUFFIX)";
				SFML_BINARY_TYPE = FRAMEWORKS;
				SFML_GRAPHICS = "$(SFML_LINK_PREFIX) sfml-graphics$(SFML_LINK_SUFFIX)";
				SFML_LINK_DYLIBS_PREFIX = "-l";
				SFML_LINK_DYLIBS_SUFFIX = "";
				SFML_LINK_FRAMEWORKS_PREFIX = "-framework";
				SFML_LINK_FRAMEWORKS_SUFFIX = "";
				SFML_LINK_PREFIX = "$(SFML_LINK_$(SFML_BINARY_TYPE)_PREFIX)";
				SFML_LINK_SUFFIX = "$(SFML_LINK_$(SFML_BINARY_TYPE)_SUFFIX)";
				SFML_NETWORK = "";
				SFML_SYSTEM = "$(SFML_LINK_PREFIX) sfml-system$(SFML_LINK_SUFFIX)";
				SFML_WINDOW = "$(SFML_LINK_PREFIX) sfml-window$(SFML_LINK_SUFFIX)";
				SUPPORTED_PLATFORMS = macosx;
			};
			name = Debug;
		};
		23206B9D1892A55E00FD142D /* Release */ = {
			isa = XCBuildConfiguration;
			buildSettings = {
				ARCHS = "$(ARCHS_STANDARD_32_64_BIT)";
				CLANG_CXX_LANGUAGE_STANDARD = "c++0x";
				CLANG_CXX_LIBRARY = "libc++";
				CLANG_WARN_EMPTY_BODY = YES;
				CLANG_WARN__DUPLICATE_METHOD_MATCH = YES;
				COPY_PHASE_STRIP = YES;
				FRAMEWORK_SEARCH_PATHS = (
					/Library/Frameworks/,
					"$(inherited)",
				);
				GCC_VERSION = com.apple.compilers.llvm.clang.1_0;
				GCC_WARN_ABOUT_RETURN_TYPE = YES;
				GCC_WARN_UNINITIALIZED_AUTOS = YES;
				GCC_WARN_UNUSED_VARIABLE = YES;
				HEADER_SEARCH_PATHS = (
					/usr/local/include/,
					"$(inherited)",
				);
				LIBRARY_SEARCH_PATHS = (
					/usr/local/lib/,
					"$(inherited)",
				);
				ONLY_ACTIVE_ARCH = NO;
				OTHER_LDFLAGS = (
					"$(inherited)",
					"$(SFML_SYSTEM)",
					"$(SFML_WINDOW)",
					"$(SFML_GRAPHICS)",
					"$(SFML_AUDIO)",
					"$(SFML_NETWORK)",
				);
				SFML_AUDIO = "$(SFML_LINK_PREFIX) sfml-audio$(SFML_LINK_SUFFIX)";
				SFML_BINARY_TYPE = FRAMEWORKS;
				SFML_GRAPHICS = "$(SFML_LINK_PREFIX) sfml-graphics$(SFML_LINK_SUFFIX)";
				SFML_LINK_DYLIBS_PREFIX = "-l";
				SFML_LINK_DYLIBS_SUFFIX = "";
				SFML_LINK_FRAMEWORKS_PREFIX = "-framework";
				SFML_LINK_FRAMEWORKS_SUFFIX = "";
				SFML_LINK_PREFIX = "$(SFML_LINK_$(SFML_BINARY_TYPE)_PREFIX)";
				SFML_LINK_SUFFIX = "$(SFML_LINK_$(SFML_BINARY_TYPE)_SUFFIX)";
				SFML_NETWORK = "";
				SFML_SYSTEM = "$(SFML_LINK_PREFIX) sfml-system$(SFML_LINK_SUFFIX)";
				SFML_WINDOW = "$(SFML_LINK_PREFIX) sfml-window$(SFML_LINK_SUFFIX)";
				SUPPORTED_PLATFORMS = macosx;
			};
			name = Release;
		};
		23206B9F1892A55E00FD142D /* Debug */ = {
			isa = XCBuildConfiguration;
			buildSettings = {
				PRODUCT_NAME = "$(TARGET_NAME)";
			};
			name = Debug;
		};
		23206BA01892A55E00FD142D /* Release */ = {
			isa = XCBuildConfiguration;
			buildSettings = {
				PRODUCT_NAME = "$(TARGET_NAME)";
			};
			name = Release;
		};
/* End XCBuildConfiguration section */

/* Begin XCConfigurationList section */
		23206B8E1892A55E00FD142D /* Build configuration list for PBXProject "Smoothed Particle Hydrodynamics in Zero Gravity" */ = {
			isa = XCConfigurationList;
			buildConfigurations = (
				23206B9C1892A55E00FD142D /* Debug */,
				23206B9D1892A55E00FD142D /* Release */,
			);
			defaultConfigurationIsVisible = 0;
			defaultConfigurationName = Release;
		};
		23206B9E1892A55E00FD142D /* Build configuration list for PBXNativeTarget "Smoothed Particle Hydrodynamics in Zero Gravity" */ = {
			isa = XCConfigurationList;
			buildConfigurations = (
				23206B9F1892A55E00FD142D /* Debug */,
				23206BA01892A55E00FD142D /* Release */,
			);
			defaultConfigurationIsVisible = 0;
			defaultConfigurationName = Release;
		};
/* End XCConfigurationList section */
	};
	rootObject = 23206B8B1892A55E00FD142D /* Project object */;
}
